
Microsoft Visual Studio Solution File, Format Version 12.00
# Visual Studio Version 16
VisualStudioVersion = 16.0.29728.190
MinimumVisualStudioVersion = 10.0.40219.1
Project("{FAE04EC0-301F-11D3-BF4B-00C04F79EFBC}") = "WpfAppJuego", "WpfAppJuego\WpfAppJuego.csproj", "{074F029D-EA54-4012-87CE-84E3ED870E3F}"
EndProject
Global
	GlobalSection(SolutionConfigurationPlatforms) = preSolution
		Debug|Any CPU = Debug|Any CPU
		Release|Any CPU = Release|Any CPU
	EndGlobalSection
	GlobalSection(ProjectConfigurationPlatforms) = postSolution
		{074F029D-EA54-4012-87CE-84E3ED870E3F}.Debug|Any CPU.ActiveCfg = Debug|Any CPU
		{074F029D-EA54-4012-87CE-84E3ED870E3F}.Debug|Any CPU.Build.0 = Debug|Any CPU
		{074F029D-EA54-4012-87CE-84E3ED870E3F}.Release|Any CPU.ActiveCfg = Release|Any CPU
		{074F029D-EA54-4012-87CE-84E3ED870E3F}.Release|Any CPU.Build.0 = Release|Any CPU
	EndGlobalSection
	GlobalSection(SolutionProperties) = preSolution
		HideSolutionNode = FALSE
	EndGlobalSection
	GlobalSection(ExtensibilityGlobals) = postSolution
		SolutionGuid = {274050E1-2228-47FE-9468-6A3FB6FF04B5}
	EndGlobalSection
EndGlobal
